
Microsoft Visual Studio Solution File, Format Version 12.00
# Visual Studio Version 17
VisualStudioVersion = 17.13.35931.197 d17.13
MinimumVisualStudioVersion = 10.0.40219.1
Project("{FAE04EC0-301F-11D3-BF4B-00C04F79EFBC}") = "Book.Service", "Book.Service.csproj", "{45D91214-3CA2-45CC-94DE-1CDD86B024FB}"
EndProject
Global
	GlobalSection(SolutionConfigurationPlatforms) = preSolution
		Debug|Any CPU = Debug|Any CPU
		Release|Any CPU = Release|Any CPU
	EndGlobalSection
	GlobalSection(ProjectConfigurationPlatforms) = postSolution
		{45D91214-3CA2-45CC-94DE-1CDD86B024FB}.Debug|Any CPU.ActiveCfg = Debug|Any CPU
		{45D91214-3CA2-45CC-94DE-1CDD86B024FB}.Debug|Any CPU.Build.0 = Debug|Any CPU
		{45D91214-3CA2-45CC-94DE-1CDD86B024FB}.Release|Any CPU.ActiveCfg = Release|Any CPU
		{45D91214-3CA2-45CC-94DE-1CDD86B024FB}.Release|Any CPU.Build.0 = Release|Any CPU
	EndGlobalSection
	GlobalSection(SolutionProperties) = preSolution
		HideSolutionNode = FALSE
	EndGlobalSection
	GlobalSection(ExtensibilityGlobals) = postSolution
		SolutionGuid = {33B76236-3843-45C6-9166-0F2749253B7E}
	EndGlobalSection
EndGlobal
